
Microsoft Visual Studio Solution File, Format Version 12.00
# Visual Studio Version 17
VisualStudioVersion = 17.11.35005.142
MinimumVisualStudioVersion = 10.0.40219.1
Project("{9A19103F-16F7-4668-BE54-9A1E7A4F7556}") = "ContactList.Core", "ContactList.Core\ContactList.Core.csproj", "{7904001B-C8F9-4EA6-865C-D1BF5DF40425}"
EndProject
Project("{9A19103F-16F7-4668-BE54-9A1E7A4F7556}") = "ContactList.Infrastructure", "ContactList.Infrastructure\ContactList.Infrastructure.csproj", "{699A76BB-3D3B-4AC3-9735-09981B545809}"
EndProject
Project("{9A19103F-16F7-4668-BE54-9A1E7A4F7556}") = "ContactList.Domain", "ContactList.Domain\ContactList.Domain.csproj", "{9CBF7BBC-864D-465D-AF74-06D2D9560A4B}"
EndProject
Project("{FAE04EC0-301F-11D3-BF4B-00C04F79EFBC}") = "ContactList.WebAPI", "ContactList.WebAPI\ContactList.WebAPI.csproj", "{E389F788-03A8-432D-AAE5-2E519E14A4AB}"
EndProject
Global
	GlobalSection(SolutionConfigurationPlatforms) = preSolution
		Debug|Any CPU = Debug|Any CPU
		Release|Any CPU = Release|Any CPU
	EndGlobalSection
	GlobalSection(ProjectConfigurationPlatforms) = postSolution
		{7904001B-C8F9-4EA6-865C-D1BF5DF40425}.Debug|Any CPU.ActiveCfg = Debug|Any CPU
		{7904001B-C8F9-4EA6-865C-D1BF5DF40425}.Debug|Any CPU.Build.0 = Debug|Any CPU
		{7904001B-C8F9-4EA6-865C-D1BF5DF40425}.Release|Any CPU.ActiveCfg = Release|Any CPU
		{7904001B-C8F9-4EA6-865C-D1BF5DF40425}.Release|Any CPU.Build.0 = Release|Any CPU
		{699A76BB-3D3B-4AC3-9735-09981B545809}.Debug|Any CPU.ActiveCfg = Debug|Any CPU
		{699A76BB-3D3B-4AC3-9735-09981B545809}.Debug|Any CPU.Build.0 = Debug|Any CPU
		{699A76BB-3D3B-4AC3-9735-09981B545809}.Release|Any CPU.ActiveCfg = Release|Any CPU
		{699A76BB-3D3B-4AC3-9735-09981B545809}.Release|Any CPU.Build.0 = Release|Any CPU
		{9CBF7BBC-864D-465D-AF74-06D2D9560A4B}.Debug|Any CPU.ActiveCfg = Debug|Any CPU
		{9CBF7BBC-864D-465D-AF74-06D2D9560A4B}.Debug|Any CPU.Build.0 = Debug|Any CPU
		{9CBF7BBC-864D-465D-AF74-06D2D9560A4B}.Release|Any CPU.ActiveCfg = Release|Any CPU
		{9CBF7BBC-864D-465D-AF74-06D2D9560A4B}.Release|Any CPU.Build.0 = Release|Any CPU
		{E389F788-03A8-432D-AAE5-2E519E14A4AB}.Debug|Any CPU.ActiveCfg = Debug|Any CPU
		{E389F788-03A8-432D-AAE5-2E519E14A4AB}.Debug|Any CPU.Build.0 = Debug|Any CPU
		{E389F788-03A8-432D-AAE5-2E519E14A4AB}.Release|Any CPU.ActiveCfg = Release|Any CPU
		{E389F788-03A8-432D-AAE5-2E519E14A4AB}.Release|Any CPU.Build.0 = Release|Any CPU
	EndGlobalSection
	GlobalSection(SolutionProperties) = preSolution
		HideSolutionNode = FALSE
	EndGlobalSection
	GlobalSection(ExtensibilityGlobals) = postSolution
		SolutionGuid = {BF4970FC-1D18-4559-B70A-068E4DDA2774}
	EndGlobalSection
EndGlobal
